
Microsoft Visual Studio Solution File, Format Version 12.00
# Visual Studio 15
VisualStudioVersion = 15.0.26730.16
MinimumVisualStudioVersion = 10.0.40219.1
Project("{FAE04EC0-301F-11D3-BF4B-00C04F79EFBC}") = "SBSendQueueConApp", "SBSendQueueConApp\SBSendQueueConApp.csproj", "{F4E99AA4-F9B2-4663-A5C7-557052C0115C}"
EndProject
Project("{2150E333-8FDC-42A3-9474-1A3956D46DE8}") = "Solution Items", "Solution Items", "{91D64977-F24E-41A3-A579-6DDDC6DC8D3D}"
	ProjectSection(SolutionItems) = preProject
		Instructions.txt = Instructions.txt
	EndProjectSection
EndProject
Project("{FAE04EC0-301F-11D3-BF4B-00C04F79EFBC}") = "SBReceiveQueueConApp", "SBReceiveQueueConApp\SBReceiveQueueConApp.csproj", "{C50F2352-004C-4CF9-8503-09818A293851}"
EndProject
Global
	GlobalSection(SolutionConfigurationPlatforms) = preSolution
		Debug|Any CPU = Debug|Any CPU
		Release|Any CPU = Release|Any CPU
	EndGlobalSection
	GlobalSection(ProjectConfigurationPlatforms) = postSolution
		{F4E99AA4-F9B2-4663-A5C7-557052C0115C}.Debug|Any CPU.ActiveCfg = Debug|Any CPU
		{F4E99AA4-F9B2-4663-A5C7-557052C0115C}.Debug|Any CPU.Build.0 = Debug|Any CPU
		{F4E99AA4-F9B2-4663-A5C7-557052C0115C}.Release|Any CPU.ActiveCfg = Release|Any CPU
		{F4E99AA4-F9B2-4663-A5C7-557052C0115C}.Release|Any CPU.Build.0 = Release|Any CPU
		{C50F2352-004C-4CF9-8503-09818A293851}.Debug|Any CPU.ActiveCfg = Debug|Any CPU
		{C50F2352-004C-4CF9-8503-09818A293851}.Debug|Any CPU.Build.0 = Debug|Any CPU
		{C50F2352-004C-4CF9-8503-09818A293851}.Release|Any CPU.ActiveCfg = Release|Any CPU
		{C50F2352-004C-4CF9-8503-09818A293851}.Release|Any CPU.Build.0 = Release|Any CPU
	EndGlobalSection
	GlobalSection(SolutionProperties) = preSolution
		HideSolutionNode = FALSE
	EndGlobalSection
	GlobalSection(ExtensibilityGlobals) = postSolution
		SolutionGuid = {F4F73175-7E44-437E-BA0E-A24EAABFE081}
	EndGlobalSection
EndGlobal
